// !$*UTF8*$!
{
	archiveVersion = 1;
	classes = {
	};
	objectVersion = 50;
	objects = {

/* Begin PBXBuildFile section */
		040FDD0023E004EB0052B45D /* AppDelegate.swift in Sources */ = {isa = PBXBuildFile; fileRef = 040FDCFF23E004EB0052B45D /* AppDelegate.swift */; };
		040FDD0423E004EB0052B45D /* ViewController.swift in Sources */ = {isa = PBXBuildFile; fileRef = 040FDD0323E004EB0052B45D /* ViewController.swift */; };
		040FDD0723E004EB0052B45D /* Main.storyboard in Resources */ = {isa = PBXBuildFile; fileRef = 040FDD0523E004EB0052B45D /* Main.storyboard */; };
		040FDD0923E004EB0052B45D /* Assets.xcassets in Resources */ = {isa = PBXBuildFile; fileRef = 040FDD0823E004EB0052B45D /* Assets.xcassets */; };
		040FDD0C23E004EB0052B45D /* LaunchScreen.storyboard in Resources */ = {isa = PBXBuildFile; fileRef = 040FDD0A23E004EB0052B45D /* LaunchScreen.storyboard */; };
		044375C723F5B32E00E643D5 /* black12.mp4 in Resources */ = {isa = PBXBuildFile; fileRef = 044375C623F5B32E00E643D5 /* black12.mp4 */; };
		04F0195A23E47C60001B352B /* DayView.swift in Sources */ = {isa = PBXBuildFile; fileRef = 04F0195823E47C60001B352B /* DayView.swift */; };
		04F0195B23E47C60001B352B /* DayView.xib in Resources */ = {isa = PBXBuildFile; fileRef = 04F0195923E47C60001B352B /* DayView.xib */; };
/* End PBXBuildFile section */

/* Begin PBXFileReference section */
		040FDCFC23E004EA0052B45D /* ARCafe19Demo.app */ = {isa = PBXFileReference; explicitFileType = wrapper.application; includeInIndex = 0; path = ARCafe19Demo.app; sourceTree = BUILT_PRODUCTS_DIR; };
		040FDCFF23E004EB0052B45D /* AppDelegate.swift */ = {isa = PBXFileReference; lastKnownFileType = sourcecode.swift; path = AppDelegate.swift; sourceTree = "<group>"; };
		040FDD0323E004EB0052B45D /* ViewController.swift */ = {isa = PBXFileReference; lastKnownFileType = sourcecode.swift; path = ViewController.swift; sourceTree = "<group>"; };
		040FDD0623E004EB0052B45D /* Base */ = {isa = PBXFileReference; lastKnownFileType = file.storyboard; name = Base; path = Base.lproj/Main.storyboard; sourceTree = "<group>"; };
		040FDD0823E004EB0052B45D /* Assets.xcassets */ = {isa = PBXFileReference; lastKnownFileType = folder.assetcatalog; path = Assets.xcassets; sourceTree = "<group>"; };
		040FDD0B23E004EB0052B45D /* Base */ = {isa = PBXFileReference; lastKnownFileType = file.storyboard; name = Base; path = Base.lproj/LaunchScreen.storyboard; sourceTree = "<group>"; };
		040FDD0D23E004EB0052B45D /* Info.plist */ = {isa = PBXFileReference; lastKnownFileType = text.plist.xml; path = Info.plist; sourceTree = "<group>"; };
		044375C623F5B32E00E643D5 /* black12.mp4 */ = {isa = PBXFileReference; lastKnownFileType = file; path = black12.mp4; sourceTree = "<group>"; };
		04F0195823E47C60001B352B /* DayView.swift */ = {isa = PBXFileReference; fileEncoding = 4; lastKnownFileType = sourcecode.swift; path = DayView.swift; sourceTree = "<group>"; };
		04F0195923E47C60001B352B /* DayView.xib */ = {isa = PBXFileReference; fileEncoding = 4; lastKnownFileType = file.xib; path = DayView.xib; sourceTree = "<group>"; };
/* End PBXFileReference section */

/* Begin PBXFrameworksBuildPhase section */
		040FDCF923E004EA0052B45D /* Frameworks */ = {
			isa = PBXFrameworksBuildPhase;
			buildActionMask = 2147483647;
			files = (
			);
			runOnlyForDeploymentPostprocessing = 0;
		};
/* End PBXFrameworksBuildPhase section */

/* Begin PBXGroup section */
		040FDCF323E004EA0052B45D = {
			isa = PBXGroup;
			children = (
				044375C623F5B32E00E643D5 /* black12.mp4 */,
				040FDCFE23E004EA0052B45D /* Agreeta_v4_ar */,
				040FDCFD23E004EA0052B45D /* Products */,
			);
			sourceTree = "<group>";
		};
		040FDCFD23E004EA0052B45D /* Products */ = {
			isa = PBXGroup;
			children = (
				040FDCFC23E004EA0052B45D /* ARCafe19Demo.app */,
			);
			name = Products;
			sourceTree = "<group>";
		};
		040FDCFE23E004EA0052B45D /* Agreeta_v4_ar */ = {
			isa = PBXGroup;
			children = (
				04F0195823E47C60001B352B /* DayView.swift */,
				04F0195923E47C60001B352B /* DayView.xib */,
				040FDCFF23E004EB0052B45D /* AppDelegate.swift */,
				040FDD0323E004EB0052B45D /* ViewController.swift */,
				040FDD0523E004EB0052B45D /* Main.storyboard */,
				040FDD0823E004EB0052B45D /* Assets.xcassets */,
				040FDD0A23E004EB0052B45D /* LaunchScreen.storyboard */,
				040FDD0D23E004EB0052B45D /* Info.plist */,
			);
			path = Agreeta_v4_ar;
			sourceTree = "<group>";
		};
/* End PBXGroup section */

/* Begin PBXNativeTarget section */
		040FDCFB23E004EA0052B45D /* Agreeta_v4_ar */ = {
			isa = PBXNativeTarget;
			buildConfigurationList = 040FDD1023E004EB0052B45D /* Build configuration list for PBXNativeTarget "Agreeta_v4_ar" */;
			buildPhases = (
				040FDCF823E004EA0052B45D /* Sources */,
				040FDCF923E004EA0052B45D /* Frameworks */,
				040FDCFA23E004EA0052B45D /* Resources */,
			);
			buildRules = (
			);
			dependencies = (
			);
			name = Agreeta_v4_ar;
			productName = Agreeta_v4_ar;
			productReference = 040FDCFC23E004EA0052B45D /* ARCafe19Demo.app */;
			productType = "com.apple.product-type.application";
		};
/* End PBXNativeTarget section */

/* Begin PBXProject section */
		040FDCF423E004EA0052B45D /* Project object */ = {
			isa = PBXProject;
			attributes = {
				LastSwiftUpdateCheck = 1130;
				LastUpgradeCheck = 1130;
				ORGANIZATIONNAME = Mac;
				TargetAttributes = {
					040FDCFB23E004EA0052B45D = {
						CreatedOnToolsVersion = 11.3;
					};
				};
			};
			buildConfigurationList = 040FDCF723E004EA0052B45D /* Build configuration list for PBXProject "Agreeta_v4_ar" */;
			compatibilityVersion = "Xcode 9.3";
			developmentRegion = en;
			hasScannedForEncodings = 0;
			knownRegions = (
				en,
				Base,
			);
			mainGroup = 040FDCF323E004EA0052B45D;
			productRefGroup = 040FDCFD23E004EA0052B45D /* Products */;
			projectDirPath = "";
			projectRoot = "";
			targets = (
				040FDCFB23E004EA0052B45D /* Agreeta_v4_ar */,
			);
		};
/* End PBXProject section */

/* Begin PBXResourcesBuildPhase section */
		040FDCFA23E004EA0052B45D /* Resources */ = {
			isa = PBXResourcesBuildPhase;
			buildActionMask = 2147483647;
			files = (
				040FDD0C23E004EB0052B45D /* LaunchScreen.storyboard in Resources */,
				04F0195B23E47C60001B352B /* DayView.xib in Resources */,
				044375C723F5B32E00E643D5 /* black12.mp4 in Resources */,
				040FDD0923E004EB0052B45D /* Assets.xcassets in Resources */,
				040FDD0723E004EB0052B45D /* Main.storyboard in Resources */,
			);
			runOnlyForDeploymentPostprocessing = 0;
		};
/* End PBXResourcesBuildPhase section */

/* Begin PBXSourcesBuildPhase section */
		040FDCF823E004EA0052B45D /* Sources */ = {
			isa = PBXSourcesBuildPhase;
			buildActionMask = 2147483647;
			files = (
				04F0195A23E47C60001B352B /* DayView.swift in Sources */,
				040FDD0423E004EB0052B45D /* ViewController.swift in Sources */,
				040FDD0023E004EB0052B45D /* AppDelegate.swift in Sources */,
			);
			runOnlyForDeploymentPostprocessing = 0;
		};
/* End PBXSourcesBuildPhase section */

/* Begin PBXVariantGroup section */
		040FDD0523E004EB0052B45D /* Main.storyboard */ = {
			isa = PBXVariantGroup;
			children = (
				040FDD0623E004EB0052B45D /* Base */,
			);
			name = Main.storyboard;
			sourceTree = "<group>";
		};
		040FDD0A23E004EB0052B45D /* LaunchScreen.storyboard */ = {
			isa = PBXVariantGroup;
			children = (
				040FDD0B23E004EB0052B45D /* Base */,
			);
			name = LaunchScreen.storyboard;
			sourceTree = "<group>";
		};
/* End PBXVariantGroup section */

/* Begin XCBuildConfiguration section */
		040FDD0E23E004EB0052B45D /* Debug */ = {
			isa = XCBuildConfiguration;
			buildSettings = {
				ALWAYS_SEARCH_USER_PATHS = NO;
				CLANG_ANALYZER_NONNULL = YES;
				CLANG_ANALYZER_NUMBER_OBJECT_CONVERSION = YES_AGGRESSIVE;
				CLANG_CXX_LANGUAGE_STANDARD = "gnu++14";
				CLANG_CXX_LIBRARY = "libc++";
				CLANG_ENABLE_MODULES = YES;
				CLANG_ENABLE_OBJC_ARC = YES;
				CLANG_ENABLE_OBJC_WEAK = YES;
				CLANG_WARN_BLOCK_CAPTURE_AUTORELEASING = YES;
				CLANG_WARN_BOOL_CONVERSION = YES;
				CLANG_WARN_COMMA = YES;
				CLANG_WARN_CONSTANT_CONVERSION = YES;
				CLANG_WARN_DEPRECATED_OBJC_IMPLEMENTATIONS = YES;
				CLANG_WARN_DIRECT_OBJC_ISA_USAGE = YES_ERROR;
				CLANG_WARN_DOCUMENTATION_COMMENTS = YES;
				CLANG_WARN_EMPTY_BODY = YES;
				CLANG_WARN_ENUM_CONVERSION = YES;
				CLANG_WARN_INFINITE_RECURSION = YES;
				CLANG_WARN_INT_CONVERSION = YES;
				CLANG_WARN_NON_LITERAL_NULL_CONVERSION = YES;
				CLANG_WARN_OBJC_IMPLICIT_RETAIN_SELF = YES;
				CLANG_WARN_OBJC_LITERAL_CONVERSION = YES;
				CLANG_WARN_OBJC_ROOT_CLASS = YES_ERROR;
				CLANG_WARN_RANGE_LOOP_ANALYSIS = YES;
				CLANG_WARN_STRICT_PROTOTYPES = YES;
				CLANG_WARN_SUSPICIOUS_MOVE = YES;
				CLANG_WARN_UNGUARDED_AVAILABILITY = YES_AGGRESSIVE;
				CLANG_WARN_UNREACHABLE_CODE = YES;
				CLANG_WARN__DUPLICATE_METHOD_MATCH = YES;
				COPY_PHASE_STRIP = NO;
				DEBUG_INFORMATION_FORMAT = dwarf;
				ENABLE_STRICT_OBJC_MSGSEND = YES;
				ENABLE_TESTABILITY = YES;
				GCC_C_LANGUAGE_STANDARD = gnu11;
				GCC_DYNAMIC_NO_PIC = NO;
				GCC_NO_COMMON_BLOCKS = YES;
				GCC_OPTIMIZATION_LEVEL = 0;
				GCC_PREPROCESSOR_DEFINITIONS = (
					"DEBUG=1",
					"$(inherited)",
				);
				GCC_WARN_64_TO_32_BIT_CONVERSION = YES;
				GCC_WARN_ABOUT_RETURN_TYPE = YES_ERROR;
				GCC_WARN_UNDECLARED_SELECTOR = YES;
				GCC_WARN_UNINITIALIZED_AUTOS = YES_AGGRESSIVE;
				GCC_WARN_UNUSED_FUNCTION = YES;
				GCC_WARN_UNUSED_VARIABLE = YES;
				IPHONEOS_DEPLOYMENT_TARGET = 13.2;
				MTL_ENABLE_DEBUG_INFO = INCLUDE_SOURCE;
				MTL_FAST_MATH = YES;
				ONLY_ACTIVE_ARCH = YES;
				SDKROOT = iphoneos;
				SWIFT_ACTIVE_COMPILATION_CONDITIONS = DEBUG;
				SWIFT_OPTIMIZATION_LEVEL = "-Onone";
			};
			name = Debug;
		};
		040FDD0F23E004EB0052B45D /* Release */ = {
			isa = XCBuildConfiguration;
			buildSettings = {
				ALWAYS_SEARCH_USER_PATHS = NO;
				CLANG_ANALYZER_NONNULL = YES;
				CLANG_ANALYZER_NUMBER_OBJECT_CONVERSION = YES_AGGRESSIVE;
				CLANG_CXX_LANGUAGE_STANDARD = "gnu++14";
				CLANG_CXX_LIBRARY = "libc++";
				CLANG_ENABLE_MODULES = YES;
				CLANG_ENABLE_OBJC_ARC = YES;
				CLANG_ENABLE_OBJC_WEAK = YES;
				CLANG_WARN_BLOCK_CAPTURE_AUTORELEASING = YES;
				CLANG_WARN_BOOL_CONVERSION = YES;
				CLANG_WARN_COMMA = YES;
				CLANG_WARN_CONSTANT_CONVERSION = YES;
				CLANG_WARN_DEPRECATED_OBJC_IMPLEMENTATIONS = YES;
				CLANG_WARN_DIRECT_OBJC_ISA_USAGE = YES_ERROR;
				CLANG_WARN_DOCUMENTATION_COMMENTS = YES;
				CLANG_WARN_EMPTY_BODY = YES;
				CLANG_WARN_ENUM_CONVERSION = YES;
				CLANG_WARN_INFINITE_RECURSION = YES;
				CLANG_WARN_INT_CONVERSION = YES;
				CLANG_WARN_NON_LITERAL_NULL_CONVERSION = YES;
				CLANG_WARN_OBJC_IMPLICIT_RETAIN_SELF = YES;
				CLANG_WARN_OBJC_LITERAL_CONVERSION = YES;
				CLANG_WARN_OBJC_ROOT_CLASS = YES_ERROR;
				CLANG_WARN_RANGE_LOOP_ANALYSIS = YES;
				CLANG_WARN_STRICT_PROTOTYPES = YES;
				CLANG_WARN_SUSPICIOUS_MOVE = YES;
				CLANG_WARN_UNGUARDED_AVAILABILITY = YES_AGGRESSIVE;
				CLANG_WARN_UNREACHABLE_CODE = YES;
				CLANG_WARN__DUPLICATE_METHOD_MATCH = YES;
				COPY_PHASE_STRIP = NO;
				DEBUG_INFORMATION_FORMAT = "dwarf-with-dsym";
				ENABLE_NS_ASSERTIONS = NO;
				ENABLE_STRICT_OBJC_MSGSEND = YES;
				GCC_C_LANGUAGE_STANDARD = gnu11;
				GCC_NO_COMMON_BLOCKS = YES;
				GCC_WARN_64_TO_32_BIT_CONVERSION = YES;
				GCC_WARN_ABOUT_RETURN_TYPE = YES_ERROR;
				GCC_WARN_UNDECLARED_SELECTOR = YES;
				GCC_WARN_UNINITIALIZED_AUTOS = YES_AGGRESSIVE;
				GCC_WARN_UNUSED_FUNCTION = YES;
				GCC_WARN_UNUSED_VARIABLE = YES;
				IPHONEOS_DEPLOYMENT_TARGET = 13.2;
				MTL_ENABLE_DEBUG_INFO = NO;
				MTL_FAST_MATH = YES;
				SDKROOT = iphoneos;
				SWIFT_COMPILATION_MODE = wholemodule;
				SWIFT_OPTIMIZATION_LEVEL = "-O";
				VALIDATE_PRODUCT = YES;
			};
			name = Release;
		};
		040FDD1123E004EB0052B45D /* Debug */ = {
			isa = XCBuildConfiguration;
			buildSettings = {
				ASSETCATALOG_COMPILER_APPICON_NAME = AppIcon;
				CODE_SIGN_STYLE = Automatic;
				DEVELOPMENT_TEAM = 6H34N6RDA4;
				INFOPLIST_FILE = Agreeta_v4_ar/Info.plist;
				LD_RUNPATH_SEARCH_PATHS = (
					"$(inherited)",
					"@executable_path/Frameworks",
				);
				PRODUCT_BUNDLE_IDENTIFIER = com.jaya.com.arkit;
				PRODUCT_NAME = ARCafe19Demo;
				SWIFT_VERSION = 5.0;
				TARGETED_DEVICE_FAMILY = "1,2";
			};
			name = Debug;
		};
		040FDD1223E004EB0052B45D /* Release */ = {
			isa = XCBuildConfiguration;
			buildSettings = {
				ASSETCATALOG_COMPILER_APPICON_NAME = AppIcon;
				CODE_SIGN_STYLE = Automatic;
				DEVELOPMENT_TEAM = 6H34N6RDA4;
				INFOPLIST_FILE = Agreeta_v4_ar/Info.plist;
				LD_RUNPATH_SEARCH_PATHS = (
					"$(inherited)",
					"@executable_path/Frameworks",
				);
				PRODUCT_BUNDLE_IDENTIFIER = com.jaya.com.arkit;
				PRODUCT_NAME = ARCafe19Demo;
				SWIFT_VERSION = 5.0;
				TARGETED_DEVICE_FAMILY = "1,2";
			};
			name = Release;
		};
/* End XCBuildConfiguration section */

/* Begin XCConfigurationList section */
		040FDCF723E004EA0052B45D /* Build configuration list for PBXProject "Agreeta_v4_ar" */ = {
			isa = XCConfigurationList;
			buildConfigurations = (
				040FDD0E23E004EB0052B45D /* Debug */,
				040FDD0F23E004EB0052B45D /* Release */,
			);
			defaultConfigurationIsVisible = 0;
			defaultConfigurationName = Release;
		};
		040FDD1023E004EB0052B45D /* Build configuration list for PBXNativeTarget "Agreeta_v4_ar" */ = {
			isa = XCConfigurationList;
			buildConfigurations = (
				040FDD1123E004EB0052B45D /* Debug */,
				040FDD1223E004EB0052B45D /* Release */,
			);
			defaultConfigurationIsVisible = 0;
			defaultConfigurationName = Release;
		};
/* End XCConfigurationList section */
	};
	rootObject = 040FDCF423E004EA0052B45D /* Project object */;
}
